// !$*UTF8*$!
{
	archiveVersion = 1;
	classes = {
	};
	objectVersion = 50;
	objects = {

/* Begin PBXBuildFile section */
		155DF22D2268B8C1006945BF /* AppDelegate.swift in Sources */ = {isa = PBXBuildFile; fileRef = 155DF22C2268B8C1006945BF /* AppDelegate.swift */; };
		155DF2322268B8C1006945BF /* Main.storyboard in Resources */ = {isa = PBXBuildFile; fileRef = 155DF2302268B8C1006945BF /* Main.storyboard */; };
		155DF2342268B8C3006945BF /* Assets.xcassets in Resources */ = {isa = PBXBuildFile; fileRef = 155DF2332268B8C3006945BF /* Assets.xcassets */; };
		155DF2372268B8C3006945BF /* LaunchScreen.storyboard in Resources */ = {isa = PBXBuildFile; fileRef = 155DF2352268B8C3006945BF /* LaunchScreen.storyboard */; };
		155DF2422268B8C3006945BF /* hackathongloboTests.swift in Sources */ = {isa = PBXBuildFile; fileRef = 155DF2412268B8C3006945BF /* hackathongloboTests.swift */; };
		155DF24D2268B8C3006945BF /* hackathongloboUITests.swift in Sources */ = {isa = PBXBuildFile; fileRef = 155DF24C2268B8C3006945BF /* hackathongloboUITests.swift */; };
		156AA12A226BDEB20098CA17 /* Reusable.swift in Sources */ = {isa = PBXBuildFile; fileRef = 156AA129226BDEB20098CA17 /* Reusable.swift */; };
		156AA12D226BDF330098CA17 /* VideoTableViewController.swift in Sources */ = {isa = PBXBuildFile; fileRef = 156AA12C226BDF330098CA17 /* VideoTableViewController.swift */; };
		156AA12F226BDFAA0098CA17 /* VideoTableViewModel.swift in Sources */ = {isa = PBXBuildFile; fileRef = 156AA12E226BDFAA0098CA17 /* VideoTableViewModel.swift */; };
		156AA134226BE0C30098CA17 /* VideoTableCell.swift in Sources */ = {isa = PBXBuildFile; fileRef = 156AA132226BE0C30098CA17 /* VideoTableCell.swift */; };
		156AA135226BE0C30098CA17 /* VideoTableCell.xib in Resources */ = {isa = PBXBuildFile; fileRef = 156AA133226BE0C30098CA17 /* VideoTableCell.xib */; };
		156AA13C226BF6D30098CA17 /* AWSRekognitionServiceManager.swift in Sources */ = {isa = PBXBuildFile; fileRef = 156AA13B226BF6D30098CA17 /* AWSRekognitionServiceManager.swift */; };
		156AA13E226BF77E0098CA17 /* aws_grazi_massafera_campaing.json in Resources */ = {isa = PBXBuildFile; fileRef = 156AA13D226BF77E0098CA17 /* aws_grazi_massafera_campaing.json */; };
		156AA14C226C010F0098CA17 /* azure_grazi_massafera_campiang.json in Resources */ = {isa = PBXBuildFile; fileRef = 156AA14B226C010F0098CA17 /* azure_grazi_massafera_campiang.json */; };
		156AA16C226C05D30098CA17 /* LabelElement.swift in Sources */ = {isa = PBXBuildFile; fileRef = 156AA16B226C05D30098CA17 /* LabelElement.swift */; };
		156AA16E226C05FE0098CA17 /* Label.swift in Sources */ = {isa = PBXBuildFile; fileRef = 156AA16D226C05FE0098CA17 /* Label.swift */; };
		156AA170226C06260098CA17 /* Parent.swift in Sources */ = {isa = PBXBuildFile; fileRef = 156AA16F226C06260098CA17 /* Parent.swift */; };
		156AA172226C07A50098CA17 /* CelebrityElement.swift in Sources */ = {isa = PBXBuildFile; fileRef = 156AA171226C07A50098CA17 /* CelebrityElement.swift */; };
		156AA174226C07CD0098CA17 /* Celebrity.swift in Sources */ = {isa = PBXBuildFile; fileRef = 156AA173226C07CD0098CA17 /* Celebrity.swift */; };
		156AA176226C088C0098CA17 /* ModerationLabelElement.swift in Sources */ = {isa = PBXBuildFile; fileRef = 156AA175226C088C0098CA17 /* ModerationLabelElement.swift */; };
		156AA178226C08AE0098CA17 /* ModerationLabel.swift in Sources */ = {isa = PBXBuildFile; fileRef = 156AA177226C08AE0098CA17 /* ModerationLabel.swift */; };
		156AA17A226C09710098CA17 /* AWSVideoRekognitionResponseModel.swift in Sources */ = {isa = PBXBuildFile; fileRef = 156AA179226C09710098CA17 /* AWSVideoRekognitionResponseModel.swift */; };
		34AA1C77DB6B963DDF6F68D1 /* Pods_hackathongloboTests.framework in Frameworks */ = {isa = PBXBuildFile; fileRef = 48D99539E0CC86CF4FD86F97 /* Pods_hackathongloboTests.framework */; };
		555C0C82558C1D59E9BD3BB7 /* Pods_hackathonglobo.framework in Frameworks */ = {isa = PBXBuildFile; fileRef = 96394FEE2DC7DAC9AEFD7513 /* Pods_hackathonglobo.framework */; };
		F8485A97D8013349B69311A4 /* Pods_hackathongloboUITests.framework in Frameworks */ = {isa = PBXBuildFile; fileRef = 9AE38144E6655833C06684AF /* Pods_hackathongloboUITests.framework */; };
/* End PBXBuildFile section */

/* Begin PBXContainerItemProxy section */
		155DF23E2268B8C3006945BF /* PBXContainerItemProxy */ = {
			isa = PBXContainerItemProxy;
			containerPortal = 155DF2212268B8C1006945BF /* Project object */;
			proxyType = 1;
			remoteGlobalIDString = 155DF2282268B8C1006945BF;
			remoteInfo = hackathonglobo;
		};
		155DF2492268B8C3006945BF /* PBXContainerItemProxy */ = {
			isa = PBXContainerItemProxy;
			containerPortal = 155DF2212268B8C1006945BF /* Project object */;
			proxyType = 1;
			remoteGlobalIDString = 155DF2282268B8C1006945BF;
			remoteInfo = hackathonglobo;
		};
/* End PBXContainerItemProxy section */

/* Begin PBXFileReference section */
		155DF2292268B8C1006945BF /* hackathonglobo.app */ = {isa = PBXFileReference; explicitFileType = wrapper.application; includeInIndex = 0; path = hackathonglobo.app; sourceTree = BUILT_PRODUCTS_DIR; };
		155DF22C2268B8C1006945BF /* AppDelegate.swift */ = {isa = PBXFileReference; lastKnownFileType = sourcecode.swift; path = AppDelegate.swift; sourceTree = "<group>"; };
		155DF2312268B8C1006945BF /* Base */ = {isa = PBXFileReference; lastKnownFileType = file.storyboard; name = Base; path = Base.lproj/Main.storyboard; sourceTree = "<group>"; };
		155DF2332268B8C3006945BF /* Assets.xcassets */ = {isa = PBXFileReference; lastKnownFileType = folder.assetcatalog; path = Assets.xcassets; sourceTree = "<group>"; };
		155DF2362268B8C3006945BF /* Base */ = {isa = PBXFileReference; lastKnownFileType = file.storyboard; name = Base; path = Base.lproj/LaunchScreen.storyboard; sourceTree = "<group>"; };
		155DF2382268B8C3006945BF /* Info.plist */ = {isa = PBXFileReference; lastKnownFileType = text.plist.xml; path = Info.plist; sourceTree = "<group>"; };
		155DF23D2268B8C3006945BF /* hackathongloboTests.xctest */ = {isa = PBXFileReference; explicitFileType = wrapper.cfbundle; includeInIndex = 0; path = hackathongloboTests.xctest; sourceTree = BUILT_PRODUCTS_DIR; };
		155DF2412268B8C3006945BF /* hackathongloboTests.swift */ = {isa = PBXFileReference; lastKnownFileType = sourcecode.swift; path = hackathongloboTests.swift; sourceTree = "<group>"; };
		155DF2432268B8C3006945BF /* Info.plist */ = {isa = PBXFileReference; lastKnownFileType = text.plist.xml; path = Info.plist; sourceTree = "<group>"; };
		155DF2482268B8C3006945BF /* hackathongloboUITests.xctest */ = {isa = PBXFileReference; explicitFileType = wrapper.cfbundle; includeInIndex = 0; path = hackathongloboUITests.xctest; sourceTree = BUILT_PRODUCTS_DIR; };
		155DF24C2268B8C3006945BF /* hackathongloboUITests.swift */ = {isa = PBXFileReference; lastKnownFileType = sourcecode.swift; path = hackathongloboUITests.swift; sourceTree = "<group>"; };
		155DF24E2268B8C3006945BF /* Info.plist */ = {isa = PBXFileReference; lastKnownFileType = text.plist.xml; path = Info.plist; sourceTree = "<group>"; };
		156AA129226BDEB20098CA17 /* Reusable.swift */ = {isa = PBXFileReference; lastKnownFileType = sourcecode.swift; path = Reusable.swift; sourceTree = "<group>"; };
		156AA12C226BDF330098CA17 /* VideoTableViewController.swift */ = {isa = PBXFileReference; lastKnownFileType = sourcecode.swift; path = VideoTableViewController.swift; sourceTree = "<group>"; };
		156AA12E226BDFAA0098CA17 /* VideoTableViewModel.swift */ = {isa = PBXFileReference; lastKnownFileType = sourcecode.swift; path = VideoTableViewModel.swift; sourceTree = "<group>"; };
		156AA132226BE0C30098CA17 /* VideoTableCell.swift */ = {isa = PBXFileReference; lastKnownFileType = sourcecode.swift; path = VideoTableCell.swift; sourceTree = "<group>"; };
		156AA133226BE0C30098CA17 /* VideoTableCell.xib */ = {isa = PBXFileReference; lastKnownFileType = file.xib; path = VideoTableCell.xib; sourceTree = "<group>"; };
		156AA13B226BF6D30098CA17 /* AWSRekognitionServiceManager.swift */ = {isa = PBXFileReference; lastKnownFileType = sourcecode.swift; path = AWSRekognitionServiceManager.swift; sourceTree = "<group>"; };
		156AA13D226BF77E0098CA17 /* aws_grazi_massafera_campaing.json */ = {isa = PBXFileReference; lastKnownFileType = text.json; path = aws_grazi_massafera_campaing.json; sourceTree = "<group>"; };
		156AA14B226C010F0098CA17 /* azure_grazi_massafera_campiang.json */ = {isa = PBXFileReference; lastKnownFileType = text.json; path = azure_grazi_massafera_campiang.json; sourceTree = "<group>"; };
		156AA16B226C05D30098CA17 /* LabelElement.swift */ = {isa = PBXFileReference; lastKnownFileType = sourcecode.swift; path = LabelElement.swift; sourceTree = "<group>"; };
		156AA16D226C05FE0098CA17 /* Label.swift */ = {isa = PBXFileReference; lastKnownFileType = sourcecode.swift; path = Label.swift; sourceTree = "<group>"; };
		156AA16F226C06260098CA17 /* Parent.swift */ = {isa = PBXFileReference; lastKnownFileType = sourcecode.swift; path = Parent.swift; sourceTree = "<group>"; };
		156AA171226C07A50098CA17 /* CelebrityElement.swift */ = {isa = PBXFileReference; lastKnownFileType = sourcecode.swift; path = CelebrityElement.swift; sourceTree = "<group>"; };
		156AA173226C07CD0098CA17 /* Celebrity.swift */ = {isa = PBXFileReference; lastKnownFileType = sourcecode.swift; path = Celebrity.swift; sourceTree = "<group>"; };
		156AA175226C088C0098CA17 /* ModerationLabelElement.swift */ = {isa = PBXFileReference; lastKnownFileType = sourcecode.swift; path = ModerationLabelElement.swift; sourceTree = "<group>"; };
		156AA177226C08AE0098CA17 /* ModerationLabel.swift */ = {isa = PBXFileReference; lastKnownFileType = sourcecode.swift; path = ModerationLabel.swift; sourceTree = "<group>"; };
		156AA179226C09710098CA17 /* AWSVideoRekognitionResponseModel.swift */ = {isa = PBXFileReference; lastKnownFileType = sourcecode.swift; path = AWSVideoRekognitionResponseModel.swift; sourceTree = "<group>"; };
		1FF0BB217F2D316BE66724C9 /* Pods-hackathongloboTests.release.xcconfig */ = {isa = PBXFileReference; includeInIndex = 1; lastKnownFileType = text.xcconfig; name = "Pods-hackathongloboTests.release.xcconfig"; path = "Target Support Files/Pods-hackathongloboTests/Pods-hackathongloboTests.release.xcconfig"; sourceTree = "<group>"; };
		3966BFFBFDA29ABA0D17F69E /* Pods-hackathongloboTests.debug.xcconfig */ = {isa = PBXFileReference; includeInIndex = 1; lastKnownFileType = text.xcconfig; name = "Pods-hackathongloboTests.debug.xcconfig"; path = "Target Support Files/Pods-hackathongloboTests/Pods-hackathongloboTests.debug.xcconfig"; sourceTree = "<group>"; };
		48D99539E0CC86CF4FD86F97 /* Pods_hackathongloboTests.framework */ = {isa = PBXFileReference; explicitFileType = wrapper.framework; includeInIndex = 0; path = Pods_hackathongloboTests.framework; sourceTree = BUILT_PRODUCTS_DIR; };
		5725F78CADA2DAE963243F72 /* Pods-hackathonglobo.debug.xcconfig */ = {isa = PBXFileReference; includeInIndex = 1; lastKnownFileType = text.xcconfig; name = "Pods-hackathonglobo.debug.xcconfig"; path = "Target Support Files/Pods-hackathonglobo/Pods-hackathonglobo.debug.xcconfig"; sourceTree = "<group>"; };
		96394FEE2DC7DAC9AEFD7513 /* Pods_hackathonglobo.framework */ = {isa = PBXFileReference; explicitFileType = wrapper.framework; includeInIndex = 0; path = Pods_hackathonglobo.framework; sourceTree = BUILT_PRODUCTS_DIR; };
		9AE38144E6655833C06684AF /* Pods_hackathongloboUITests.framework */ = {isa = PBXFileReference; explicitFileType = wrapper.framework; includeInIndex = 0; path = Pods_hackathongloboUITests.framework; sourceTree = BUILT_PRODUCTS_DIR; };
		A89DF469D6B98B4E6F70139B /* Pods-hackathongloboUITests.release.xcconfig */ = {isa = PBXFileReference; includeInIndex = 1; lastKnownFileType = text.xcconfig; name = "Pods-hackathongloboUITests.release.xcconfig"; path = "Target Support Files/Pods-hackathongloboUITests/Pods-hackathongloboUITests.release.xcconfig"; sourceTree = "<group>"; };
		C252FA818E36E6E2CC6AEB8F /* Pods-hackathonglobo.release.xcconfig */ = {isa = PBXFileReference; includeInIndex = 1; lastKnownFileType = text.xcconfig; name = "Pods-hackathonglobo.release.xcconfig"; path = "Target Support Files/Pods-hackathonglobo/Pods-hackathonglobo.release.xcconfig"; sourceTree = "<group>"; };
		EB57014AD66A122123A3B13B /* Pods-hackathongloboUITests.debug.xcconfig */ = {isa = PBXFileReference; includeInIndex = 1; lastKnownFileType = text.xcconfig; name = "Pods-hackathongloboUITests.debug.xcconfig"; path = "Target Support Files/Pods-hackathongloboUITests/Pods-hackathongloboUITests.debug.xcconfig"; sourceTree = "<group>"; };
/* End PBXFileReference section */

/* Begin PBXFrameworksBuildPhase section */
		155DF2262268B8C1006945BF /* Frameworks */ = {
			isa = PBXFrameworksBuildPhase;
			buildActionMask = 2147483647;
			files = (
				555C0C82558C1D59E9BD3BB7 /* Pods_hackathonglobo.framework in Frameworks */,
			);
			runOnlyForDeploymentPostprocessing = 0;
		};
		155DF23A2268B8C3006945BF /* Frameworks */ = {
			isa = PBXFrameworksBuildPhase;
			buildActionMask = 2147483647;
			files = (
				34AA1C77DB6B963DDF6F68D1 /* Pods_hackathongloboTests.framework in Frameworks */,
			);
			runOnlyForDeploymentPostprocessing = 0;
		};
		155DF2452268B8C3006945BF /* Frameworks */ = {
			isa = PBXFrameworksBuildPhase;
			buildActionMask = 2147483647;
			files = (
				F8485A97D8013349B69311A4 /* Pods_hackathongloboUITests.framework in Frameworks */,
			);
			runOnlyForDeploymentPostprocessing = 0;
		};
/* End PBXFrameworksBuildPhase section */

/* Begin PBXGroup section */
		155DF2202268B8C1006945BF = {
			isa = PBXGroup;
			children = (
				155DF22B2268B8C1006945BF /* hackathonglobo */,
				155DF2402268B8C3006945BF /* hackathongloboTests */,
				155DF24B2268B8C3006945BF /* hackathongloboUITests */,
				155DF22A2268B8C1006945BF /* Products */,
				C6C3DF0C7F3FC0750E3ED152 /* Pods */,
				8127C2985E47501EAFB9C3CE /* Frameworks */,
			);
			sourceTree = "<group>";
		};
		155DF22A2268B8C1006945BF /* Products */ = {
			isa = PBXGroup;
			children = (
				155DF2292268B8C1006945BF /* hackathonglobo.app */,
				155DF23D2268B8C3006945BF /* hackathongloboTests.xctest */,
				155DF2482268B8C3006945BF /* hackathongloboUITests.xctest */,
			);
			name = Products;
			sourceTree = "<group>";
		};
		155DF22B2268B8C1006945BF /* hackathonglobo */ = {
			isa = PBXGroup;
			children = (
				156AA138226BF63E0098CA17 /* Service */,
				156AA136226BF5A80098CA17 /* Mock */,
				156AA130226BDFD30098CA17 /* Cells */,
				156AA12B226BDEBE0098CA17 /* VideoTableViewController */,
				156AA128226BDEA20098CA17 /* Protocols */,
				155DF22C2268B8C1006945BF /* AppDelegate.swift */,
				155DF2302268B8C1006945BF /* Main.storyboard */,
				155DF2332268B8C3006945BF /* Assets.xcassets */,
				155DF2352268B8C3006945BF /* LaunchScreen.storyboard */,
				155DF2382268B8C3006945BF /* Info.plist */,
			);
			path = hackathonglobo;
			sourceTree = "<group>";
		};
		155DF2402268B8C3006945BF /* hackathongloboTests */ = {
			isa = PBXGroup;
			children = (
				155DF2412268B8C3006945BF /* hackathongloboTests.swift */,
				155DF2432268B8C3006945BF /* Info.plist */,
			);
			path = hackathongloboTests;
			sourceTree = "<group>";
		};
		155DF24B2268B8C3006945BF /* hackathongloboUITests */ = {
			isa = PBXGroup;
			children = (
				155DF24C2268B8C3006945BF /* hackathongloboUITests.swift */,
				155DF24E2268B8C3006945BF /* Info.plist */,
			);
			path = hackathongloboUITests;
			sourceTree = "<group>";
		};
		156AA128226BDEA20098CA17 /* Protocols */ = {
			isa = PBXGroup;
			children = (
				156AA129226BDEB20098CA17 /* Reusable.swift */,
			);
			path = Protocols;
			sourceTree = "<group>";
		};
		156AA12B226BDEBE0098CA17 /* VideoTableViewController */ = {
			isa = PBXGroup;
			children = (
				156AA12C226BDF330098CA17 /* VideoTableViewController.swift */,
				156AA12E226BDFAA0098CA17 /* VideoTableViewModel.swift */,
			);
			path = VideoTableViewController;
			sourceTree = "<group>";
		};
		156AA130226BDFD30098CA17 /* Cells */ = {
			isa = PBXGroup;
			children = (
				156AA131226BDFDA0098CA17 /* VideoTableCell */,
			);
			path = Cells;
			sourceTree = "<group>";
		};
		156AA131226BDFDA0098CA17 /* VideoTableCell */ = {
			isa = PBXGroup;
			children = (
				156AA132226BE0C30098CA17 /* VideoTableCell.swift */,
				156AA133226BE0C30098CA17 /* VideoTableCell.xib */,
			);
			path = VideoTableCell;
			sourceTree = "<group>";
		};
		156AA136226BF5A80098CA17 /* Mock */ = {
			isa = PBXGroup;
			children = (
				156AA14A226C00C20098CA17 /* AWS */,
				156AA149226C00BE0098CA17 /* Azure */,
			);
			path = Mock;
			sourceTree = "<group>";
		};
		156AA137226BF5EC0098CA17 /* VideoRecognition */ = {
			isa = PBXGroup;
			children = (
				156AA13D226BF77E0098CA17 /* aws_grazi_massafera_campaing.json */,
			);
			path = VideoRecognition;
			sourceTree = "<group>";
		};
		156AA138226BF63E0098CA17 /* Service */ = {
			isa = PBXGroup;
			children = (
				156AA13B226BF6D30098CA17 /* AWSRekognitionServiceManager.swift */,
				156AA13F226BFDF00098CA17 /* Models */,
			);
			path = Service;
			sourceTree = "<group>";
		};
		156AA13F226BFDF00098CA17 /* Models */ = {
			isa = PBXGroup;
			children = (
				156AA16B226C05D30098CA17 /* LabelElement.swift */,
				156AA16D226C05FE0098CA17 /* Label.swift */,
				156AA16F226C06260098CA17 /* Parent.swift */,
				156AA171226C07A50098CA17 /* CelebrityElement.swift */,
				156AA173226C07CD0098CA17 /* Celebrity.swift */,
				156AA175226C088C0098CA17 /* ModerationLabelElement.swift */,
				156AA177226C08AE0098CA17 /* ModerationLabel.swift */,
				156AA179226C09710098CA17 /* AWSVideoRekognitionResponseModel.swift */,
			);
			path = Models;
			sourceTree = "<group>";
		};
		156AA149226C00BE0098CA17 /* Azure */ = {
			isa = PBXGroup;
			children = (
				156AA14D226C012A0098CA17 /* VideoIndexing */,
			);
			path = Azure;
			sourceTree = "<group>";
		};
		156AA14A226C00C20098CA17 /* AWS */ = {
			isa = PBXGroup;
			children = (
				156AA137226BF5EC0098CA17 /* VideoRecognition */,
			);
			path = AWS;
			sourceTree = "<group>";
		};
		156AA14D226C012A0098CA17 /* VideoIndexing */ = {
			isa = PBXGroup;
			children = (
				156AA14B226C010F0098CA17 /* azure_grazi_massafera_campiang.json */,
			);
			path = VideoIndexing;
			sourceTree = "<group>";
		};
		8127C2985E47501EAFB9C3CE /* Frameworks */ = {
			isa = PBXGroup;
			children = (
				96394FEE2DC7DAC9AEFD7513 /* Pods_hackathonglobo.framework */,
				48D99539E0CC86CF4FD86F97 /* Pods_hackathongloboTests.framework */,
				9AE38144E6655833C06684AF /* Pods_hackathongloboUITests.framework */,
			);
			name = Frameworks;
			sourceTree = "<group>";
		};
		C6C3DF0C7F3FC0750E3ED152 /* Pods */ = {
			isa = PBXGroup;
			children = (
				5725F78CADA2DAE963243F72 /* Pods-hackathonglobo.debug.xcconfig */,
				C252FA818E36E6E2CC6AEB8F /* Pods-hackathonglobo.release.xcconfig */,
				3966BFFBFDA29ABA0D17F69E /* Pods-hackathongloboTests.debug.xcconfig */,
				1FF0BB217F2D316BE66724C9 /* Pods-hackathongloboTests.release.xcconfig */,
				EB57014AD66A122123A3B13B /* Pods-hackathongloboUITests.debug.xcconfig */,
				A89DF469D6B98B4E6F70139B /* Pods-hackathongloboUITests.release.xcconfig */,
			);
			path = Pods;
			sourceTree = "<group>";
		};
/* End PBXGroup section */

/* Begin PBXNativeTarget section */
		155DF2282268B8C1006945BF /* hackathonglobo */ = {
			isa = PBXNativeTarget;
			buildConfigurationList = 155DF2512268B8C3006945BF /* Build configuration list for PBXNativeTarget "hackathonglobo" */;
			buildPhases = (
				2E822B06D9380C3C92ECCDB2 /* [CP] Check Pods Manifest.lock */,
				155DF2252268B8C1006945BF /* Sources */,
				155DF2262268B8C1006945BF /* Frameworks */,
				155DF2272268B8C1006945BF /* Resources */,
				6128E691BE9FDB2B29AE9768 /* [CP] Embed Pods Frameworks */,
			);
			buildRules = (
			);
			dependencies = (
			);
			name = hackathonglobo;
			productName = hackathonglobo;
			productReference = 155DF2292268B8C1006945BF /* hackathonglobo.app */;
			productType = "com.apple.product-type.application";
		};
		155DF23C2268B8C3006945BF /* hackathongloboTests */ = {
			isa = PBXNativeTarget;
			buildConfigurationList = 155DF2542268B8C3006945BF /* Build configuration list for PBXNativeTarget "hackathongloboTests" */;
			buildPhases = (
				70923684E947B4CDDEA3D811 /* [CP] Check Pods Manifest.lock */,
				155DF2392268B8C3006945BF /* Sources */,
				155DF23A2268B8C3006945BF /* Frameworks */,
				155DF23B2268B8C3006945BF /* Resources */,
			);
			buildRules = (
			);
			dependencies = (
				155DF23F2268B8C3006945BF /* PBXTargetDependency */,
			);
			name = hackathongloboTests;
			productName = hackathongloboTests;
			productReference = 155DF23D2268B8C3006945BF /* hackathongloboTests.xctest */;
			productType = "com.apple.product-type.bundle.unit-test";
		};
		155DF2472268B8C3006945BF /* hackathongloboUITests */ = {
			isa = PBXNativeTarget;
			buildConfigurationList = 155DF2572268B8C3006945BF /* Build configuration list for PBXNativeTarget "hackathongloboUITests" */;
			buildPhases = (
				9739C53F51E3826A18BE41E8 /* [CP] Check Pods Manifest.lock */,
				155DF2442268B8C3006945BF /* Sources */,
				155DF2452268B8C3006945BF /* Frameworks */,
				155DF2462268B8C3006945BF /* Resources */,
			);
			buildRules = (
			);
			dependencies = (
				155DF24A2268B8C3006945BF /* PBXTargetDependency */,
			);
			name = hackathongloboUITests;
			productName = hackathongloboUITests;
			productReference = 155DF2482268B8C3006945BF /* hackathongloboUITests.xctest */;
			productType = "com.apple.product-type.bundle.ui-testing";
		};
/* End PBXNativeTarget section */

/* Begin PBXProject section */
		155DF2212268B8C1006945BF /* Project object */ = {
			isa = PBXProject;
			attributes = {
				LastSwiftUpdateCheck = 1020;
				LastUpgradeCheck = 1020;
				ORGANIZATIONNAME = "Felipe Antonio Cardoso";
				TargetAttributes = {
					155DF2282268B8C1006945BF = {
						CreatedOnToolsVersion = 10.2;
					};
					155DF23C2268B8C3006945BF = {
						CreatedOnToolsVersion = 10.2;
						TestTargetID = 155DF2282268B8C1006945BF;
					};
					155DF2472268B8C3006945BF = {
						CreatedOnToolsVersion = 10.2;
						TestTargetID = 155DF2282268B8C1006945BF;
					};
				};
			};
			buildConfigurationList = 155DF2242268B8C1006945BF /* Build configuration list for PBXProject "hackathonglobo" */;
			compatibilityVersion = "Xcode 9.3";
			developmentRegion = en;
			hasScannedForEncodings = 0;
			knownRegions = (
				en,
				Base,
			);
			mainGroup = 155DF2202268B8C1006945BF;
			productRefGroup = 155DF22A2268B8C1006945BF /* Products */;
			projectDirPath = "";
			projectRoot = "";
			targets = (
				155DF2282268B8C1006945BF /* hackathonglobo */,
				155DF23C2268B8C3006945BF /* hackathongloboTests */,
				155DF2472268B8C3006945BF /* hackathongloboUITests */,
			);
		};
/* End PBXProject section */

/* Begin PBXResourcesBuildPhase section */
		155DF2272268B8C1006945BF /* Resources */ = {
			isa = PBXResourcesBuildPhase;
			buildActionMask = 2147483647;
			files = (
				155DF2372268B8C3006945BF /* LaunchScreen.storyboard in Resources */,
				156AA14C226C010F0098CA17 /* azure_grazi_massafera_campiang.json in Resources */,
				156AA13E226BF77E0098CA17 /* aws_grazi_massafera_campaing.json in Resources */,
				155DF2342268B8C3006945BF /* Assets.xcassets in Resources */,
				156AA135226BE0C30098CA17 /* VideoTableCell.xib in Resources */,
				155DF2322268B8C1006945BF /* Main.storyboard in Resources */,
			);
			runOnlyForDeploymentPostprocessing = 0;
		};
		155DF23B2268B8C3006945BF /* Resources */ = {
			isa = PBXResourcesBuildPhase;
			buildActionMask = 2147483647;
			files = (
			);
			runOnlyForDeploymentPostprocessing = 0;
		};
		155DF2462268B8C3006945BF /* Resources */ = {
			isa = PBXResourcesBuildPhase;
			buildActionMask = 2147483647;
			files = (
			);
			runOnlyForDeploymentPostprocessing = 0;
		};
/* End PBXResourcesBuildPhase section */

/* Begin PBXShellScriptBuildPhase section */
		2E822B06D9380C3C92ECCDB2 /* [CP] Check Pods Manifest.lock */ = {
			isa = PBXShellScriptBuildPhase;
			buildActionMask = 2147483647;
			files = (
			);
			inputFileListPaths = (
			);
			inputPaths = (
				"${PODS_PODFILE_DIR_PATH}/Podfile.lock",
				"${PODS_ROOT}/Manifest.lock",
			);
			name = "[CP] Check Pods Manifest.lock";
			outputFileListPaths = (
			);
			outputPaths = (
				"$(DERIVED_FILE_DIR)/Pods-hackathonglobo-checkManifestLockResult.txt",
			);
			runOnlyForDeploymentPostprocessing = 0;
			shellPath = /bin/sh;
			shellScript = "diff \"${PODS_PODFILE_DIR_PATH}/Podfile.lock\" \"${PODS_ROOT}/Manifest.lock\" > /dev/null\nif [ $? != 0 ] ; then\n    # print error to STDERR\n    echo \"error: The sandbox is not in sync with the Podfile.lock. Run 'pod install' or update your CocoaPods installation.\" >&2\n    exit 1\nfi\n# This output is used by Xcode 'outputs' to avoid re-running this script phase.\necho \"SUCCESS\" > \"${SCRIPT_OUTPUT_FILE_0}\"\n";
			showEnvVarsInLog = 0;
		};
		6128E691BE9FDB2B29AE9768 /* [CP] Embed Pods Frameworks */ = {
			isa = PBXShellScriptBuildPhase;
			buildActionMask = 2147483647;
			files = (
			);
			inputFileListPaths = (
			);
			inputPaths = (
				"${PODS_ROOT}/Target Support Files/Pods-hackathonglobo/Pods-hackathonglobo-frameworks.sh",
				"${BUILT_PRODUCTS_DIR}/PureLayout/PureLayout.framework",
			);
			name = "[CP] Embed Pods Frameworks";
			outputFileListPaths = (
			);
			outputPaths = (
				"${TARGET_BUILD_DIR}/${FRAMEWORKS_FOLDER_PATH}/PureLayout.framework",
			);
			runOnlyForDeploymentPostprocessing = 0;
			shellPath = /bin/sh;
			shellScript = "\"${PODS_ROOT}/Target Support Files/Pods-hackathonglobo/Pods-hackathonglobo-frameworks.sh\"\n";
			showEnvVarsInLog = 0;
		};
		70923684E947B4CDDEA3D811 /* [CP] Check Pods Manifest.lock */ = {
			isa = PBXShellScriptBuildPhase;
			buildActionMask = 2147483647;
			files = (
			);
			inputFileListPaths = (
			);
			inputPaths = (
				"${PODS_PODFILE_DIR_PATH}/Podfile.lock",
				"${PODS_ROOT}/Manifest.lock",
			);
			name = "[CP] Check Pods Manifest.lock";
			outputFileListPaths = (
			);
			outputPaths = (
				"$(DERIVED_FILE_DIR)/Pods-hackathongloboTests-checkManifestLockResult.txt",
			);
			runOnlyForDeploymentPostprocessing = 0;
			shellPath = /bin/sh;
			shellScript = "diff \"${PODS_PODFILE_DIR_PATH}/Podfile.lock\" \"${PODS_ROOT}/Manifest.lock\" > /dev/null\nif [ $? != 0 ] ; then\n    # print error to STDERR\n    echo \"error: The sandbox is not in sync with the Podfile.lock. Run 'pod install' or update your CocoaPods installation.\" >&2\n    exit 1\nfi\n# This output is used by Xcode 'outputs' to avoid re-running this script phase.\necho \"SUCCESS\" > \"${SCRIPT_OUTPUT_FILE_0}\"\n";
			showEnvVarsInLog = 0;
		};
		9739C53F51E3826A18BE41E8 /* [CP] Check Pods Manifest.lock */ = {
			isa = PBXShellScriptBuildPhase;
			buildActionMask = 2147483647;
			files = (
			);
			inputFileListPaths = (
			);
			inputPaths = (
				"${PODS_PODFILE_DIR_PATH}/Podfile.lock",
				"${PODS_ROOT}/Manifest.lock",
			);
			name = "[CP] Check Pods Manifest.lock";
			outputFileListPaths = (
			);
			outputPaths = (
				"$(DERIVED_FILE_DIR)/Pods-hackathongloboUITests-checkManifestLockResult.txt",
			);
			runOnlyForDeploymentPostprocessing = 0;
			shellPath = /bin/sh;
			shellScript = "diff \"${PODS_PODFILE_DIR_PATH}/Podfile.lock\" \"${PODS_ROOT}/Manifest.lock\" > /dev/null\nif [ $? != 0 ] ; then\n    # print error to STDERR\n    echo \"error: The sandbox is not in sync with the Podfile.lock. Run 'pod install' or update your CocoaPods installation.\" >&2\n    exit 1\nfi\n# This output is used by Xcode 'outputs' to avoid re-running this script phase.\necho \"SUCCESS\" > \"${SCRIPT_OUTPUT_FILE_0}\"\n";
			showEnvVarsInLog = 0;
		};
/* End PBXShellScriptBuildPhase section */

/* Begin PBXSourcesBuildPhase section */
		155DF2252268B8C1006945BF /* Sources */ = {
			isa = PBXSourcesBuildPhase;
			buildActionMask = 2147483647;
			files = (
				156AA12A226BDEB20098CA17 /* Reusable.swift in Sources */,
				156AA12D226BDF330098CA17 /* VideoTableViewController.swift in Sources */,
				156AA134226BE0C30098CA17 /* VideoTableCell.swift in Sources */,
				156AA16C226C05D30098CA17 /* LabelElement.swift in Sources */,
				156AA172226C07A50098CA17 /* CelebrityElement.swift in Sources */,
				156AA13C226BF6D30098CA17 /* AWSRekognitionServiceManager.swift in Sources */,
				156AA174226C07CD0098CA17 /* Celebrity.swift in Sources */,
				156AA176226C088C0098CA17 /* ModerationLabelElement.swift in Sources */,
				155DF22D2268B8C1006945BF /* AppDelegate.swift in Sources */,
				156AA178226C08AE0098CA17 /* ModerationLabel.swift in Sources */,
				156AA16E226C05FE0098CA17 /* Label.swift in Sources */,
				156AA12F226BDFAA0098CA17 /* VideoTableViewModel.swift in Sources */,
				156AA17A226C09710098CA17 /* AWSVideoRekognitionResponseModel.swift in Sources */,
				156AA170226C06260098CA17 /* Parent.swift in Sources */,
			);
			runOnlyForDeploymentPostprocessing = 0;
		};
		155DF2392268B8C3006945BF /* Sources */ = {
			isa = PBXSourcesBuildPhase;
			buildActionMask = 2147483647;
			files = (
				155DF2422268B8C3006945BF /* hackathongloboTests.swift in Sources */,
			);
			runOnlyForDeploymentPostprocessing = 0;
		};
		155DF2442268B8C3006945BF /* Sources */ = {
			isa = PBXSourcesBuildPhase;
			buildActionMask = 2147483647;
			files = (
				155DF24D2268B8C3006945BF /* hackathongloboUITests.swift in Sources */,
			);
			runOnlyForDeploymentPostprocessing = 0;
		};
/* End PBXSourcesBuildPhase section */

/* Begin PBXTargetDependency section */
		155DF23F2268B8C3006945BF /* PBXTargetDependency */ = {
			isa = PBXTargetDependency;
			target = 155DF2282268B8C1006945BF /* hackathonglobo */;
			targetProxy = 155DF23E2268B8C3006945BF /* PBXContainerItemProxy */;
		};
		155DF24A2268B8C3006945BF /* PBXTargetDependency */ = {
			isa = PBXTargetDependency;
			target = 155DF2282268B8C1006945BF /* hackathonglobo */;
			targetProxy = 155DF2492268B8C3006945BF /* PBXContainerItemProxy */;
		};
/* End PBXTargetDependency section */

/* Begin PBXVariantGroup section */
		155DF2302268B8C1006945BF /* Main.storyboard */ = {
			isa = PBXVariantGroup;
			children = (
				155DF2312268B8C1006945BF /* Base */,
			);
			name = Main.storyboard;
			sourceTree = "<group>";
		};
		155DF2352268B8C3006945BF /* LaunchScreen.storyboard */ = {
			isa = PBXVariantGroup;
			children = (
				155DF2362268B8C3006945BF /* Base */,
			);
			name = LaunchScreen.storyboard;
			sourceTree = "<group>";
		};
/* End PBXVariantGroup section */

/* Begin XCBuildConfiguration section */
		155DF24F2268B8C3006945BF /* Debug */ = {
			isa = XCBuildConfiguration;
			buildSettings = {
				ALWAYS_SEARCH_USER_PATHS = NO;
				CLANG_ANALYZER_NONNULL = YES;
				CLANG_ANALYZER_NUMBER_OBJECT_CONVERSION = YES_AGGRESSIVE;
				CLANG_CXX_LANGUAGE_STANDARD = "gnu++14";
				CLANG_CXX_LIBRARY = "libc++";
				CLANG_ENABLE_MODULES = YES;
				CLANG_ENABLE_OBJC_ARC = YES;
				CLANG_ENABLE_OBJC_WEAK = YES;
				CLANG_WARN_BLOCK_CAPTURE_AUTORELEASING = YES;
				CLANG_WARN_BOOL_CONVERSION = YES;
				CLANG_WARN_COMMA = YES;
				CLANG_WARN_CONSTANT_CONVERSION = YES;
				CLANG_WARN_DEPRECATED_OBJC_IMPLEMENTATIONS = YES;
				CLANG_WARN_DIRECT_OBJC_ISA_USAGE = YES_ERROR;
				CLANG_WARN_DOCUMENTATION_COMMENTS = YES;
				CLANG_WARN_EMPTY_BODY = YES;
				CLANG_WARN_ENUM_CONVERSION = YES;
				CLANG_WARN_INFINITE_RECURSION = YES;
				CLANG_WARN_INT_CONVERSION = YES;
				CLANG_WARN_NON_LITERAL_NULL_CONVERSION = YES;
				CLANG_WARN_OBJC_IMPLICIT_RETAIN_SELF = YES;
				CLANG_WARN_OBJC_LITERAL_CONVERSION = YES;
				CLANG_WARN_OBJC_ROOT_CLASS = YES_ERROR;
				CLANG_WARN_RANGE_LOOP_ANALYSIS = YES;
				CLANG_WARN_STRICT_PROTOTYPES = YES;
				CLANG_WARN_SUSPICIOUS_MOVE = YES;
				CLANG_WARN_UNGUARDED_AVAILABILITY = YES_AGGRESSIVE;
				CLANG_WARN_UNREACHABLE_CODE = YES;
				CLANG_WARN__DUPLICATE_METHOD_MATCH = YES;
				CODE_SIGN_IDENTITY = "iPhone Developer";
				COPY_PHASE_STRIP = NO;
				DEBUG_INFORMATION_FORMAT = dwarf;
				ENABLE_STRICT_OBJC_MSGSEND = YES;
				ENABLE_TESTABILITY = YES;
				GCC_C_LANGUAGE_STANDARD = gnu11;
				GCC_DYNAMIC_NO_PIC = NO;
				GCC_NO_COMMON_BLOCKS = YES;
				GCC_OPTIMIZATION_LEVEL = 0;
				GCC_PREPROCESSOR_DEFINITIONS = (
					"DEBUG=1",
					"$(inherited)",
				);
				GCC_WARN_64_TO_32_BIT_CONVERSION = YES;
				GCC_WARN_ABOUT_RETURN_TYPE = YES_ERROR;
				GCC_WARN_UNDECLARED_SELECTOR = YES;
				GCC_WARN_UNINITIALIZED_AUTOS = YES_AGGRESSIVE;
				GCC_WARN_UNUSED_FUNCTION = YES;
				GCC_WARN_UNUSED_VARIABLE = YES;
				IPHONEOS_DEPLOYMENT_TARGET = 12.2;
				MTL_ENABLE_DEBUG_INFO = INCLUDE_SOURCE;
				MTL_FAST_MATH = YES;
				ONLY_ACTIVE_ARCH = YES;
				SDKROOT = iphoneos;
				SWIFT_ACTIVE_COMPILATION_CONDITIONS = DEBUG;
				SWIFT_OPTIMIZATION_LEVEL = "-Onone";
			};
			name = Debug;
		};
		155DF2502268B8C3006945BF /* Release */ = {
			isa = XCBuildConfiguration;
			buildSettings = {
				ALWAYS_SEARCH_USER_PATHS = NO;
				CLANG_ANALYZER_NONNULL = YES;
				CLANG_ANALYZER_NUMBER_OBJECT_CONVERSION = YES_AGGRESSIVE;
				CLANG_CXX_LANGUAGE_STANDARD = "gnu++14";
				CLANG_CXX_LIBRARY = "libc++";
				CLANG_ENABLE_MODULES = YES;
				CLANG_ENABLE_OBJC_ARC = YES;
				CLANG_ENABLE_OBJC_WEAK = YES;
				CLANG_WARN_BLOCK_CAPTURE_AUTORELEASING = YES;
				CLANG_WARN_BOOL_CONVERSION = YES;
				CLANG_WARN_COMMA = YES;
				CLANG_WARN_CONSTANT_CONVERSION = YES;
				CLANG_WARN_DEPRECATED_OBJC_IMPLEMENTATIONS = YES;
				CLANG_WARN_DIRECT_OBJC_ISA_USAGE = YES_ERROR;
				CLANG_WARN_DOCUMENTATION_COMMENTS = YES;
				CLANG_WARN_EMPTY_BODY = YES;
				CLANG_WARN_ENUM_CONVERSION = YES;
				CLANG_WARN_INFINITE_RECURSION = YES;
				CLANG_WARN_INT_CONVERSION = YES;
				CLANG_WARN_NON_LITERAL_NULL_CONVERSION = YES;
				CLANG_WARN_OBJC_IMPLICIT_RETAIN_SELF = YES;
				CLANG_WARN_OBJC_LITERAL_CONVERSION = YES;
				CLANG_WARN_OBJC_ROOT_CLASS = YES_ERROR;
				CLANG_WARN_RANGE_LOOP_ANALYSIS = YES;
				CLANG_WARN_STRICT_PROTOTYPES = YES;
				CLANG_WARN_SUSPICIOUS_MOVE = YES;
				CLANG_WARN_UNGUARDED_AVAILABILITY = YES_AGGRESSIVE;
				CLANG_WARN_UNREACHABLE_CODE = YES;
				CLANG_WARN__DUPLICATE_METHOD_MATCH = YES;
				CODE_SIGN_IDENTITY = "iPhone Developer";
				COPY_PHASE_STRIP = NO;
				DEBUG_INFORMATION_FORMAT = "dwarf-with-dsym";
				ENABLE_NS_ASSERTIONS = NO;
				ENABLE_STRICT_OBJC_MSGSEND = YES;
				GCC_C_LANGUAGE_STANDARD = gnu11;
				GCC_NO_COMMON_BLOCKS = YES;
				GCC_WARN_64_TO_32_BIT_CONVERSION = YES;
				GCC_WARN_ABOUT_RETURN_TYPE = YES_ERROR;
				GCC_WARN_UNDECLARED_SELECTOR = YES;
				GCC_WARN_UNINITIALIZED_AUTOS = YES_AGGRESSIVE;
				GCC_WARN_UNUSED_FUNCTION = YES;
				GCC_WARN_UNUSED_VARIABLE = YES;
				IPHONEOS_DEPLOYMENT_TARGET = 12.2;
				MTL_ENABLE_DEBUG_INFO = NO;
				MTL_FAST_MATH = YES;
				SDKROOT = iphoneos;
				SWIFT_COMPILATION_MODE = wholemodule;
				SWIFT_OPTIMIZATION_LEVEL = "-O";
				VALIDATE_PRODUCT = YES;
			};
			name = Release;
		};
		155DF2522268B8C3006945BF /* Debug */ = {
			isa = XCBuildConfiguration;
			baseConfigurationReference = 5725F78CADA2DAE963243F72 /* Pods-hackathonglobo.debug.xcconfig */;
			buildSettings = {
				ASSETCATALOG_COMPILER_APPICON_NAME = AppIcon;
				CODE_SIGN_STYLE = Automatic;
				DEVELOPMENT_TEAM = 6S2QHFGTQK;
				INFOPLIST_FILE = hackathonglobo/Info.plist;
				LD_RUNPATH_SEARCH_PATHS = (
					"$(inherited)",
					"@executable_path/Frameworks",
				);
				PRODUCT_BUNDLE_IDENTIFIER = com.felipeantoniocardoso.hackathonglobo;
				PRODUCT_NAME = "$(TARGET_NAME)";
				SWIFT_VERSION = 5.0;
				TARGETED_DEVICE_FAMILY = 1;
			};
			name = Debug;
		};
		155DF2532268B8C3006945BF /* Release */ = {
			isa = XCBuildConfiguration;
			baseConfigurationReference = C252FA818E36E6E2CC6AEB8F /* Pods-hackathonglobo.release.xcconfig */;
			buildSettings = {
				ASSETCATALOG_COMPILER_APPICON_NAME = AppIcon;
				CODE_SIGN_STYLE = Automatic;
				DEVELOPMENT_TEAM = 6S2QHFGTQK;
				INFOPLIST_FILE = hackathonglobo/Info.plist;
				LD_RUNPATH_SEARCH_PATHS = (
					"$(inherited)",
					"@executable_path/Frameworks",
				);
				PRODUCT_BUNDLE_IDENTIFIER = com.felipeantoniocardoso.hackathonglobo;
				PRODUCT_NAME = "$(TARGET_NAME)";
				SWIFT_VERSION = 5.0;
				TARGETED_DEVICE_FAMILY = 1;
			};
			name = Release;
		};
		155DF2552268B8C3006945BF /* Debug */ = {
			isa = XCBuildConfiguration;
			baseConfigurationReference = 3966BFFBFDA29ABA0D17F69E /* Pods-hackathongloboTests.debug.xcconfig */;
			buildSettings = {
				ALWAYS_EMBED_SWIFT_STANDARD_LIBRARIES = YES;
				BUNDLE_LOADER = "$(TEST_HOST)";
				CODE_SIGN_STYLE = Automatic;
				DEVELOPMENT_TEAM = 6S2QHFGTQK;
				INFOPLIST_FILE = hackathongloboTests/Info.plist;
				LD_RUNPATH_SEARCH_PATHS = (
					"$(inherited)",
					"@executable_path/Frameworks",
					"@loader_path/Frameworks",
				);
				PRODUCT_BUNDLE_IDENTIFIER = com.felipeantoniocardoso.hackathongloboTests;
				PRODUCT_NAME = "$(TARGET_NAME)";
				SWIFT_VERSION = 5.0;
				TARGETED_DEVICE_FAMILY = "1,2";
				TEST_HOST = "$(BUILT_PRODUCTS_DIR)/hackathonglobo.app/hackathonglobo";
			};
			name = Debug;
		};
		155DF2562268B8C3006945BF /* Release */ = {
			isa = XCBuildConfiguration;
			baseConfigurationReference = 1FF0BB217F2D316BE66724C9 /* Pods-hackathongloboTests.release.xcconfig */;
			buildSettings = {
				ALWAYS_EMBED_SWIFT_STANDARD_LIBRARIES = YES;
				BUNDLE_LOADER = "$(TEST_HOST)";
				CODE_SIGN_STYLE = Automatic;
				DEVELOPMENT_TEAM = 6S2QHFGTQK;
				INFOPLIST_FILE = hackathongloboTests/Info.plist;
				LD_RUNPATH_SEARCH_PATHS = (
					"$(inherited)",
					"@executable_path/Frameworks",
					"@loader_path/Frameworks",
				);
				PRODUCT_BUNDLE_IDENTIFIER = com.felipeantoniocardoso.hackathongloboTests;
				PRODUCT_NAME = "$(TARGET_NAME)";
				SWIFT_VERSION = 5.0;
				TARGETED_DEVICE_FAMILY = "1,2";
				TEST_HOST = "$(BUILT_PRODUCTS_DIR)/hackathonglobo.app/hackathonglobo";
			};
			name = Release;
		};
		155DF2582268B8C3006945BF /* Debug */ = {
			isa = XCBuildConfiguration;
			baseConfigurationReference = EB57014AD66A122123A3B13B /* Pods-hackathongloboUITests.debug.xcconfig */;
			buildSettings = {
				ALWAYS_EMBED_SWIFT_STANDARD_LIBRARIES = YES;
				CODE_SIGN_STYLE = Automatic;
				DEVELOPMENT_TEAM = 6S2QHFGTQK;
				INFOPLIST_FILE = hackathongloboUITests/Info.plist;
				LD_RUNPATH_SEARCH_PATHS = (
					"$(inherited)",
					"@executable_path/Frameworks",
					"@loader_path/Frameworks",
				);
				PRODUCT_BUNDLE_IDENTIFIER = com.felipeantoniocardoso.hackathongloboUITests;
				PRODUCT_NAME = "$(TARGET_NAME)";
				SWIFT_VERSION = 5.0;
				TARGETED_DEVICE_FAMILY = "1,2";
				TEST_TARGET_NAME = hackathonglobo;
			};
			name = Debug;
		};
		155DF2592268B8C3006945BF /* Release */ = {
			isa = XCBuildConfiguration;
			baseConfigurationReference = A89DF469D6B98B4E6F70139B /* Pods-hackathongloboUITests.release.xcconfig */;
			buildSettings = {
				ALWAYS_EMBED_SWIFT_STANDARD_LIBRARIES = YES;
				CODE_SIGN_STYLE = Automatic;
				DEVELOPMENT_TEAM = 6S2QHFGTQK;
				INFOPLIST_FILE = hackathongloboUITests/Info.plist;
				LD_RUNPATH_SEARCH_PATHS = (
					"$(inherited)",
					"@executable_path/Frameworks",
					"@loader_path/Frameworks",
				);
				PRODUCT_BUNDLE_IDENTIFIER = com.felipeantoniocardoso.hackathongloboUITests;
				PRODUCT_NAME = "$(TARGET_NAME)";
				SWIFT_VERSION = 5.0;
				TARGETED_DEVICE_FAMILY = "1,2";
				TEST_TARGET_NAME = hackathonglobo;
			};
			name = Release;
		};
/* End XCBuildConfiguration section */

/* Begin XCConfigurationList section */
		155DF2242268B8C1006945BF /* Build configuration list for PBXProject "hackathonglobo" */ = {
			isa = XCConfigurationList;
			buildConfigurations = (
				155DF24F2268B8C3006945BF /* Debug */,
				155DF2502268B8C3006945BF /* Release */,
			);
			defaultConfigurationIsVisible = 0;
			defaultConfigurationName = Release;
		};
		155DF2512268B8C3006945BF /* Build configuration list for PBXNativeTarget "hackathonglobo" */ = {
			isa = XCConfigurationList;
			buildConfigurations = (
				155DF2522268B8C3006945BF /* Debug */,
				155DF2532268B8C3006945BF /* Release */,
			);
			defaultConfigurationIsVisible = 0;
			defaultConfigurationName = Release;
		};
		155DF2542268B8C3006945BF /* Build configuration list for PBXNativeTarget "hackathongloboTests" */ = {
			isa = XCConfigurationList;
			buildConfigurations = (
				155DF2552268B8C3006945BF /* Debug */,
				155DF2562268B8C3006945BF /* Release */,
			);
			defaultConfigurationIsVisible = 0;
			defaultConfigurationName = Release;
		};
		155DF2572268B8C3006945BF /* Build configuration list for PBXNativeTarget "hackathongloboUITests" */ = {
			isa = XCConfigurationList;
			buildConfigurations = (
				155DF2582268B8C3006945BF /* Debug */,
				155DF2592268B8C3006945BF /* Release */,
			);
			defaultConfigurationIsVisible = 0;
			defaultConfigurationName = Release;
		};
/* End XCConfigurationList section */
	};
	rootObject = 155DF2212268B8C1006945BF /* Project object */;
}
